{
  "originHash" : "99a70b0fd6c8e81e5f5d6a0639fb3ed9d52dfb1c49e7ac2c1923d6ff303467ec",
  "pins" : [
    {
      "identity" : "javascriptkit",
      "kind" : "remoteSourceControl",
      "location" : "https://github.com/swiftwasm/JavaScriptKit",
      "state" : {
        "revision" : "5529520b25638aa86765ab33b175289f1ab263a3",
        "version" : "0.46.5"
      }
    },
    {
      "identity" : "linker",
      "kind" : "remoteSourceControl",
      "location" : "https://github.com/LasOri/LINKER.git",
      "state" : {
        "branch" : "main",
        "revision" : "cb27988d35cfd00af38404e9535315afb2cd85b8"
      }
    },
    {
      "identity" : "swift-asn1",
      "kind" : "remoteSourceControl",
      "location" : "https://github.com/apple/swift-asn1.git",
      "state" : {
        "revision" : "810496cf121e525d660cd0ea89a758740476b85f",
        "version" : "1.5.1"
      }
    },
    {
      "identity" : "swift-crypto",
      "kind" : "remoteSourceControl",
      "location" : "https://github.com/apple/swift-crypto.git",
      "state" : {
        "revision" : "95ba0316a9b733e92bb6b071255ff46263bbe7dc",
        "version" : "3.15.1"
      }
    },
    {
      "identity" : "swift-syntax",
      "kind" : "remoteSourceControl",
      "location" : "https://github.com/swiftlang/swift-syntax",
      "state" : {
        "revision" : "4799286537280063c85a32f09884cfbca301b1a1",
        "version" : "602.0.0"
      }
    }
  ],
  "version" : 3
}
